
Microsoft Visual Studio Solution File, Format Version 12.00
# Visual Studio Version 17
VisualStudioVersion = 17.4.33122.133
MinimumVisualStudioVersion = 10.0.40219.1
Project("{2150E333-8FDC-42A3-9474-1A3956D46DE8}") = "Microservices", "Microservices", "{844BA9FA-AC4B-42F3-AD49-702971F14B61}"
EndProject
Project("{2150E333-8FDC-42A3-9474-1A3956D46DE8}") = "Domain", "Domain", "{60B4DF0B-652F-49F8-9522-448204D3EC72}"
EndProject
Project("{2150E333-8FDC-42A3-9474-1A3956D46DE8}") = "Infra.Bus", "Infra.Bus", "{EA6D0D6E-BA25-469B-8420-E0BA5A3FA282}"
EndProject
Project("{2150E333-8FDC-42A3-9474-1A3956D46DE8}") = "Infra.Ioc", "Infra.Ioc", "{CB837707-A349-4997-A956-BB8F5ECB3F73}"
EndProject
Project("{2150E333-8FDC-42A3-9474-1A3956D46DE8}") = "Presentation", "Presentation", "{A3B54F74-8189-4E49-90B5-D9EABA11A6E1}"
EndProject
Project("{9A19103F-16F7-4668-BE54-9A1E7A4F7556}") = "MicroRabbit.Domain.Core", "MicroRabbit.Domain.Core\MicroRabbit.Domain.Core.csproj", "{8AE6E5F3-2EFB-47EF-97C0-1C8C2A58BF6F}"
EndProject
Project("{9A19103F-16F7-4668-BE54-9A1E7A4F7556}") = "MicroRabbit.Infra.Bus", "MicroRabbit.Infra.Bus\MicroRabbit.Infra.Bus.csproj", "{EB506C81-DB22-47B0-B8A6-82F795264D21}"
EndProject
Project("{9A19103F-16F7-4668-BE54-9A1E7A4F7556}") = "MicroRabbit.Infra.IoC", "MicroRabbit.Infra.IoC\MicroRabbit.Infra.IoC.csproj", "{80EED06E-1D3C-4A95-9688-AC09D2F3A2D6}"
EndProject
Project("{2150E333-8FDC-42A3-9474-1A3956D46DE8}") = "Banking", "Banking", "{0B6D22F7-43D7-4235-97BA-E45DFE0ECA38}"
EndProject
Project("{2150E333-8FDC-42A3-9474-1A3956D46DE8}") = "Api", "Api", "{9B59A9C5-E2CB-4168-8F90-F948D806B730}"
EndProject
Project("{2150E333-8FDC-42A3-9474-1A3956D46DE8}") = "Domain", "Domain", "{729D172E-A782-4507-8FBE-205F85075C5B}"
EndProject
Project("{2150E333-8FDC-42A3-9474-1A3956D46DE8}") = "Application", "Application", "{4025EA05-A623-4119-8439-2E211BE27269}"
EndProject
Project("{2150E333-8FDC-42A3-9474-1A3956D46DE8}") = "Data", "Data", "{C2CA6A8A-216D-42E4-AF93-0A1DEC116010}"
EndProject
Project("{9A19103F-16F7-4668-BE54-9A1E7A4F7556}") = "MicroRabbit.Banking.Application", "MicroRabbit.Banking.Application\MicroRabbit.Banking.Application.csproj", "{71008CEF-52A0-4B81-906C-AA3C019C16B7}"
EndProject
Project("{9A19103F-16F7-4668-BE54-9A1E7A4F7556}") = "MicroRabbit.Banking.Data", "MicroRabbit.Banking.Data\MicroRabbit.Banking.Data.csproj", "{DB870917-E013-48DC-B315-C2944D75126F}"
EndProject
Project("{9A19103F-16F7-4668-BE54-9A1E7A4F7556}") = "MicroRabbit.Banking.Domain", "MicroRabbit.Banking.Domain\MicroRabbit.Banking.Domain.csproj", "{0D5EC1BB-E31E-4ADD-8313-BD01F2733C74}"
EndProject
Project("{9A19103F-16F7-4668-BE54-9A1E7A4F7556}") = "MicroRabbit.Banking.Api", "MicroRabbit.Banking.Api\MicroRabbit.Banking.Api.csproj", "{D2262790-6E65-49F5-BF11-1DCE0167EBB8}"
EndProject
Project("{2150E333-8FDC-42A3-9474-1A3956D46DE8}") = "Transfer", "Transfer", "{61E912E9-944B-4648-A9B1-1C35AD3DFEA4}"
EndProject
Project("{2150E333-8FDC-42A3-9474-1A3956D46DE8}") = "Api", "Api", "{F8EC2985-42F5-41FE-8DFF-8CB74B5EC865}"
EndProject
Project("{2150E333-8FDC-42A3-9474-1A3956D46DE8}") = "Application", "Application", "{CB1FF52A-1699-46A4-8278-227242149940}"
EndProject
Project("{2150E333-8FDC-42A3-9474-1A3956D46DE8}") = "Data", "Data", "{C821C674-2F3E-410E-87B3-AC1363F4CBA8}"
EndProject
Project("{2150E333-8FDC-42A3-9474-1A3956D46DE8}") = "Domain", "Domain", "{2D0E6AF8-AD8D-47CD-A745-0C498F6E060F}"
EndProject
Project("{9A19103F-16F7-4668-BE54-9A1E7A4F7556}") = "MicroRabbit.Transfer.Api", "MicroRabbit.Transfer.Api\MicroRabbit.Transfer.Api.csproj", "{18C6BE00-734F-4EDE-8A92-BB17245F7017}"
EndProject
Project("{9A19103F-16F7-4668-BE54-9A1E7A4F7556}") = "MicroRabbit.Transfer.Application", "MicroRabbit.Transfer.Application\MicroRabbit.Transfer.Application.csproj", "{D21DA20D-824F-4D7E-9691-2BAC5BB04932}"
EndProject
Project("{9A19103F-16F7-4668-BE54-9A1E7A4F7556}") = "MicroRabbit.Transfer.Data", "MicroRabbit.Transfer.Data\MicroRabbit.Transfer.Data.csproj", "{5EFF177F-0858-4EA3-8E4B-819A2960F2E1}"
EndProject
Project("{9A19103F-16F7-4668-BE54-9A1E7A4F7556}") = "MicroRabbit.Transfer.Domain", "MicroRabbit.Transfer.Domain\MicroRabbit.Transfer.Domain.csproj", "{123A3687-D3F2-42C2-96C4-A08CAE36734F}"
EndProject
Project("{FAE04EC0-301F-11D3-BF4B-00C04F79EFBC}") = "MicroRabbit.MVC", "MicroRabbit.MVC\MicroRabbit.MVC.csproj", "{74FDE725-65A4-479C-8538-B84B38141C3A}"
EndProject
Global
	GlobalSection(SolutionConfigurationPlatforms) = preSolution
		Debug|Any CPU = Debug|Any CPU
		Release|Any CPU = Release|Any CPU
	EndGlobalSection
	GlobalSection(ProjectConfigurationPlatforms) = postSolution
		{8AE6E5F3-2EFB-47EF-97C0-1C8C2A58BF6F}.Debug|Any CPU.ActiveCfg = Debug|Any CPU
		{8AE6E5F3-2EFB-47EF-97C0-1C8C2A58BF6F}.Debug|Any CPU.Build.0 = Debug|Any CPU
		{8AE6E5F3-2EFB-47EF-97C0-1C8C2A58BF6F}.Release|Any CPU.ActiveCfg = Release|Any CPU
		{8AE6E5F3-2EFB-47EF-97C0-1C8C2A58BF6F}.Release|Any CPU.Build.0 = Release|Any CPU
		{EB506C81-DB22-47B0-B8A6-82F795264D21}.Debug|Any CPU.ActiveCfg = Debug|Any CPU
		{EB506C81-DB22-47B0-B8A6-82F795264D21}.Debug|Any CPU.Build.0 = Debug|Any CPU
		{EB506C81-DB22-47B0-B8A6-82F795264D21}.Release|Any CPU.ActiveCfg = Release|Any CPU
		{EB506C81-DB22-47B0-B8A6-82F795264D21}.Release|Any CPU.Build.0 = Release|Any CPU
		{80EED06E-1D3C-4A95-9688-AC09D2F3A2D6}.Debug|Any CPU.ActiveCfg = Debug|Any CPU
		{80EED06E-1D3C-4A95-9688-AC09D2F3A2D6}.Debug|Any CPU.Build.0 = Debug|Any CPU
		{80EED06E-1D3C-4A95-9688-AC09D2F3A2D6}.Release|Any CPU.ActiveCfg = Release|Any CPU
		{80EED06E-1D3C-4A95-9688-AC09D2F3A2D6}.Release|Any CPU.Build.0 = Release|Any CPU
		{71008CEF-52A0-4B81-906C-AA3C019C16B7}.Debug|Any CPU.ActiveCfg = Debug|Any CPU
		{71008CEF-52A0-4B81-906C-AA3C019C16B7}.Debug|Any CPU.Build.0 = Debug|Any CPU
		{71008CEF-52A0-4B81-906C-AA3C019C16B7}.Release|Any CPU.ActiveCfg = Release|Any CPU
		{71008CEF-52A0-4B81-906C-AA3C019C16B7}.Release|Any CPU.Build.0 = Release|Any CPU
		{DB870917-E013-48DC-B315-C2944D75126F}.Debug|Any CPU.ActiveCfg = Debug|Any CPU
		{DB870917-E013-48DC-B315-C2944D75126F}.Debug|Any CPU.Build.0 = Debug|Any CPU
		{DB870917-E013-48DC-B315-C2944D75126F}.Release|Any CPU.ActiveCfg = Release|Any CPU
		{DB870917-E013-48DC-B315-C2944D75126F}.Release|Any CPU.Build.0 = Release|Any CPU
		{0D5EC1BB-E31E-4ADD-8313-BD01F2733C74}.Debug|Any CPU.ActiveCfg = Debug|Any CPU
		{0D5EC1BB-E31E-4ADD-8313-BD01F2733C74}.Debug|Any CPU.Build.0 = Debug|Any CPU
		{0D5EC1BB-E31E-4ADD-8313-BD01F2733C74}.Release|Any CPU.ActiveCfg = Release|Any CPU
		{0D5EC1BB-E31E-4ADD-8313-BD01F2733C74}.Release|Any CPU.Build.0 = Release|Any CPU
		{D2262790-6E65-49F5-BF11-1DCE0167EBB8}.Debug|Any CPU.ActiveCfg = Debug|Any CPU
		{D2262790-6E65-49F5-BF11-1DCE0167EBB8}.Debug|Any CPU.Build.0 = Debug|Any CPU
		{D2262790-6E65-49F5-BF11-1DCE0167EBB8}.Release|Any CPU.ActiveCfg = Release|Any CPU
		{D2262790-6E65-49F5-BF11-1DCE0167EBB8}.Release|Any CPU.Build.0 = Release|Any CPU
		{18C6BE00-734F-4EDE-8A92-BB17245F7017}.Debug|Any CPU.ActiveCfg = Debug|Any CPU
		{18C6BE00-734F-4EDE-8A92-BB17245F7017}.Debug|Any CPU.Build.0 = Debug|Any CPU
		{18C6BE00-734F-4EDE-8A92-BB17245F7017}.Release|Any CPU.ActiveCfg = Release|Any CPU
		{18C6BE00-734F-4EDE-8A92-BB17245F7017}.Release|Any CPU.Build.0 = Release|Any CPU
		{D21DA20D-824F-4D7E-9691-2BAC5BB04932}.Debug|Any CPU.ActiveCfg = Debug|Any CPU
		{D21DA20D-824F-4D7E-9691-2BAC5BB04932}.Debug|Any CPU.Build.0 = Debug|Any CPU
		{D21DA20D-824F-4D7E-9691-2BAC5BB04932}.Release|Any CPU.ActiveCfg = Release|Any CPU
		{D21DA20D-824F-4D7E-9691-2BAC5BB04932}.Release|Any CPU.Build.0 = Release|Any CPU
		{5EFF177F-0858-4EA3-8E4B-819A2960F2E1}.Debug|Any CPU.ActiveCfg = Debug|Any CPU
		{5EFF177F-0858-4EA3-8E4B-819A2960F2E1}.Debug|Any CPU.Build.0 = Debug|Any CPU
		{5EFF177F-0858-4EA3-8E4B-819A2960F2E1}.Release|Any CPU.ActiveCfg = Release|Any CPU
		{5EFF177F-0858-4EA3-8E4B-819A2960F2E1}.Release|Any CPU.Build.0 = Release|Any CPU
		{123A3687-D3F2-42C2-96C4-A08CAE36734F}.Debug|Any CPU.ActiveCfg = Debug|Any CPU
		{123A3687-D3F2-42C2-96C4-A08CAE36734F}.Debug|Any CPU.Build.0 = Debug|Any CPU
		{123A3687-D3F2-42C2-96C4-A08CAE36734F}.Release|Any CPU.ActiveCfg = Release|Any CPU
		{123A3687-D3F2-42C2-96C4-A08CAE36734F}.Release|Any CPU.Build.0 = Release|Any CPU
		{74FDE725-65A4-479C-8538-B84B38141C3A}.Debug|Any CPU.ActiveCfg = Debug|Any CPU
		{74FDE725-65A4-479C-8538-B84B38141C3A}.Debug|Any CPU.Build.0 = Debug|Any CPU
		{74FDE725-65A4-479C-8538-B84B38141C3A}.Release|Any CPU.ActiveCfg = Release|Any CPU
		{74FDE725-65A4-479C-8538-B84B38141C3A}.Release|Any CPU.Build.0 = Release|Any CPU
	EndGlobalSection
	GlobalSection(SolutionProperties) = preSolution
		HideSolutionNode = FALSE
	EndGlobalSection
	GlobalSection(NestedProjects) = preSolution
		{8AE6E5F3-2EFB-47EF-97C0-1C8C2A58BF6F} = {60B4DF0B-652F-49F8-9522-448204D3EC72}
		{EB506C81-DB22-47B0-B8A6-82F795264D21} = {EA6D0D6E-BA25-469B-8420-E0BA5A3FA282}
		{80EED06E-1D3C-4A95-9688-AC09D2F3A2D6} = {CB837707-A349-4997-A956-BB8F5ECB3F73}
		{0B6D22F7-43D7-4235-97BA-E45DFE0ECA38} = {844BA9FA-AC4B-42F3-AD49-702971F14B61}
		{9B59A9C5-E2CB-4168-8F90-F948D806B730} = {0B6D22F7-43D7-4235-97BA-E45DFE0ECA38}
		{729D172E-A782-4507-8FBE-205F85075C5B} = {0B6D22F7-43D7-4235-97BA-E45DFE0ECA38}
		{4025EA05-A623-4119-8439-2E211BE27269} = {0B6D22F7-43D7-4235-97BA-E45DFE0ECA38}
		{C2CA6A8A-216D-42E4-AF93-0A1DEC116010} = {0B6D22F7-43D7-4235-97BA-E45DFE0ECA38}
		{71008CEF-52A0-4B81-906C-AA3C019C16B7} = {4025EA05-A623-4119-8439-2E211BE27269}
		{DB870917-E013-48DC-B315-C2944D75126F} = {C2CA6A8A-216D-42E4-AF93-0A1DEC116010}
		{0D5EC1BB-E31E-4ADD-8313-BD01F2733C74} = {729D172E-A782-4507-8FBE-205F85075C5B}
		{D2262790-6E65-49F5-BF11-1DCE0167EBB8} = {9B59A9C5-E2CB-4168-8F90-F948D806B730}
		{61E912E9-944B-4648-A9B1-1C35AD3DFEA4} = {844BA9FA-AC4B-42F3-AD49-702971F14B61}
		{F8EC2985-42F5-41FE-8DFF-8CB74B5EC865} = {61E912E9-944B-4648-A9B1-1C35AD3DFEA4}
		{CB1FF52A-1699-46A4-8278-227242149940} = {61E912E9-944B-4648-A9B1-1C35AD3DFEA4}
		{C821C674-2F3E-410E-87B3-AC1363F4CBA8} = {61E912E9-944B-4648-A9B1-1C35AD3DFEA4}
		{2D0E6AF8-AD8D-47CD-A745-0C498F6E060F} = {61E912E9-944B-4648-A9B1-1C35AD3DFEA4}
		{18C6BE00-734F-4EDE-8A92-BB17245F7017} = {F8EC2985-42F5-41FE-8DFF-8CB74B5EC865}
		{D21DA20D-824F-4D7E-9691-2BAC5BB04932} = {CB1FF52A-1699-46A4-8278-227242149940}
		{5EFF177F-0858-4EA3-8E4B-819A2960F2E1} = {C821C674-2F3E-410E-87B3-AC1363F4CBA8}
		{123A3687-D3F2-42C2-96C4-A08CAE36734F} = {2D0E6AF8-AD8D-47CD-A745-0C498F6E060F}
		{74FDE725-65A4-479C-8538-B84B38141C3A} = {A3B54F74-8189-4E49-90B5-D9EABA11A6E1}
	EndGlobalSection
	GlobalSection(ExtensibilityGlobals) = postSolution
		SolutionGuid = {08159165-7C44-47A9-A4D0-B04B011C9929}
	EndGlobalSection
EndGlobal
